
Microsoft Visual Studio Solution File, Format Version 12.00
# Visual Studio Version 17
VisualStudioVersion = 17.0.32112.339
MinimumVisualStudioVersion = 10.0.40219.1
Project("{FAE04EC0-301F-11D3-BF4B-00C04F79EFBC}") = "Anime-Dashboard", "Anime-Dashboard\Anime-Dashboard.csproj", "{DECDC383-D7F2-4F92-9BD2-9954AADB5AE0}"
EndProject
Global
	GlobalSection(SolutionConfigurationPlatforms) = preSolution
		Debug|Any CPU = Debug|Any CPU
		Release|Any CPU = Release|Any CPU
	EndGlobalSection
	GlobalSection(ProjectConfigurationPlatforms) = postSolution
		{DECDC383-D7F2-4F92-9BD2-9954AADB5AE0}.Debug|Any CPU.ActiveCfg = Debug|Any CPU
		{DECDC383-D7F2-4F92-9BD2-9954AADB5AE0}.Debug|Any CPU.Build.0 = Debug|Any CPU
		{DECDC383-D7F2-4F92-9BD2-9954AADB5AE0}.Release|Any CPU.ActiveCfg = Release|Any CPU
		{DECDC383-D7F2-4F92-9BD2-9954AADB5AE0}.Release|Any CPU.Build.0 = Release|Any CPU
	EndGlobalSection
	GlobalSection(SolutionProperties) = preSolution
		HideSolutionNode = FALSE
	EndGlobalSection
	GlobalSection(ExtensibilityGlobals) = postSolution
		SolutionGuid = {1D808E4F-62FA-41E5-AA1D-ADE8DBF0D5ED}
	EndGlobalSection
EndGlobal
